
Microsoft Visual Studio Solution File, Format Version 12.00
# Visual Studio Version 17
VisualStudioVersion = 17.6.33712.159
MinimumVisualStudioVersion = 10.0.40219.1
Project("{9A19103F-16F7-4668-BE54-9A1E7A4F7556}") = "chess-console", "chess-console.csproj", "{C2ED43EF-DC1A-47CF-979A-8300D00BFE58}"
EndProject
Global
	GlobalSection(SolutionConfigurationPlatforms) = preSolution
		Debug|Any CPU = Debug|Any CPU
		Release|Any CPU = Release|Any CPU
	EndGlobalSection
	GlobalSection(ProjectConfigurationPlatforms) = postSolution
		{C2ED43EF-DC1A-47CF-979A-8300D00BFE58}.Debug|Any CPU.ActiveCfg = Debug|Any CPU
		{C2ED43EF-DC1A-47CF-979A-8300D00BFE58}.Debug|Any CPU.Build.0 = Debug|Any CPU
		{C2ED43EF-DC1A-47CF-979A-8300D00BFE58}.Release|Any CPU.ActiveCfg = Release|Any CPU
		{C2ED43EF-DC1A-47CF-979A-8300D00BFE58}.Release|Any CPU.Build.0 = Release|Any CPU
	EndGlobalSection
	GlobalSection(SolutionProperties) = preSolution
		HideSolutionNode = FALSE
	EndGlobalSection
	GlobalSection(ExtensibilityGlobals) = postSolution
		SolutionGuid = {7241E399-96C8-425A-83D4-4ECB387349CA}
	EndGlobalSection
EndGlobal
